
Microsoft Visual Studio Solution File, Format Version 12.00
# Visual Studio Version 17
VisualStudioVersion = 17.2.32630.192
MinimumVisualStudioVersion = 10.0.40219.1
Project("{FAE04EC0-301F-11D3-BF4B-00C04F79EFBC}") = "Ch2", "Ch2\Ch2.csproj", "{C4B8964A-5D76-4AD1-BDED-C14B4004C4CD}"
EndProject
Global
	GlobalSection(SolutionConfigurationPlatforms) = preSolution
		Debug|Any CPU = Debug|Any CPU
		Release|Any CPU = Release|Any CPU
	EndGlobalSection
	GlobalSection(ProjectConfigurationPlatforms) = postSolution
		{C4B8964A-5D76-4AD1-BDED-C14B4004C4CD}.Debug|Any CPU.ActiveCfg = Debug|Any CPU
		{C4B8964A-5D76-4AD1-BDED-C14B4004C4CD}.Debug|Any CPU.Build.0 = Debug|Any CPU
		{C4B8964A-5D76-4AD1-BDED-C14B4004C4CD}.Release|Any CPU.ActiveCfg = Release|Any CPU
		{C4B8964A-5D76-4AD1-BDED-C14B4004C4CD}.Release|Any CPU.Build.0 = Release|Any CPU
	EndGlobalSection
	GlobalSection(SolutionProperties) = preSolution
		HideSolutionNode = FALSE
	EndGlobalSection
	GlobalSection(ExtensibilityGlobals) = postSolution
		SolutionGuid = {8676FFEA-2468-43CE-884E-3BC33F4EA305}
	EndGlobalSection
EndGlobal
